
Microsoft Visual Studio Solution File, Format Version 12.00
# Visual Studio Version 17
VisualStudioVersion = 17.4.33110.190
MinimumVisualStudioVersion = 10.0.40219.1
Project("{FAE04EC0-301F-11D3-BF4B-00C04F79EFBC}") = "MassWeb_Server", "MassWeb_Server\MassWeb_Server.csproj", "{75523EBF-308C-490B-9975-47A3CF3EF094}"
EndProject
Global
	GlobalSection(SolutionConfigurationPlatforms) = preSolution
		Debug|Any CPU = Debug|Any CPU
		Release|Any CPU = Release|Any CPU
	EndGlobalSection
	GlobalSection(ProjectConfigurationPlatforms) = postSolution
		{75523EBF-308C-490B-9975-47A3CF3EF094}.Debug|Any CPU.ActiveCfg = Debug|Any CPU
		{75523EBF-308C-490B-9975-47A3CF3EF094}.Debug|Any CPU.Build.0 = Debug|Any CPU
		{75523EBF-308C-490B-9975-47A3CF3EF094}.Release|Any CPU.ActiveCfg = Release|Any CPU
		{75523EBF-308C-490B-9975-47A3CF3EF094}.Release|Any CPU.Build.0 = Release|Any CPU
	EndGlobalSection
	GlobalSection(SolutionProperties) = preSolution
		HideSolutionNode = FALSE
	EndGlobalSection
	GlobalSection(ExtensibilityGlobals) = postSolution
		SolutionGuid = {B16E1915-E62A-4C69-B8CB-575D17995D92}
	EndGlobalSection
EndGlobal
